
Microsoft Visual Studio Solution File, Format Version 12.00
# Visual Studio 15
Project("{FAE04EC0-301F-11D3-BF4B-00C04F79EFBC}") = "UnityEngine.UI", "UnityEngine.UI.csproj", "{DCC39C24-60EB-AD44-4601-87C86DD67172}"
EndProject
Project("{FAE04EC0-301F-11D3-BF4B-00C04F79EFBC}") = "UnityEngine.TestRunner", "UnityEngine.TestRunner.csproj", "{1CEC528D-1A78-0784-36C1-F9F6B2261E67}"
EndProject
Project("{FAE04EC0-301F-11D3-BF4B-00C04F79EFBC}") = "Unity.Mathematics", "Unity.Mathematics.csproj", "{B86A2633-7905-C6AA-9E6D-11FB8586009A}"
EndProject
Project("{FAE04EC0-301F-11D3-BF4B-00C04F79EFBC}") = "Unity.Timeline", "Unity.Timeline.csproj", "{4E9BB430-D0B0-469D-FFEC-1EBE1902E822}"
EndProject
Project("{FAE04EC0-301F-11D3-BF4B-00C04F79EFBC}") = "Unity.TextMeshPro", "Unity.TextMeshPro.csproj", "{9CB5E86A-1828-C0D7-82F1-B0F3B87D04F7}"
EndProject
Project("{FAE04EC0-301F-11D3-BF4B-00C04F79EFBC}") = "Unity.2D.Animation.Runtime", "Unity.2D.Animation.Runtime.csproj", "{19C5F0F0-821D-C3AE-B3BC-A9D937C48B33}"
EndProject
Project("{FAE04EC0-301F-11D3-BF4B-00C04F79EFBC}") = "Unity.2D.IK.Runtime", "Unity.2D.IK.Runtime.csproj", "{E5D5EBE1-0559-7657-9E5E-C72CD652979C}"
EndProject
Project("{FAE04EC0-301F-11D3-BF4B-00C04F79EFBC}") = "Unity.2D.SpriteShape.Runtime", "Unity.2D.SpriteShape.Runtime.csproj", "{E58507D0-A75B-C447-F5C5-FCC87FA18DE9}"
EndProject
Project("{FAE04EC0-301F-11D3-BF4B-00C04F79EFBC}") = "Unity.2D.PixelPerfect", "Unity.2D.PixelPerfect.csproj", "{EA89A7D4-16B0-B0AD-D7D6-D71561808867}"
EndProject
Project("{FAE04EC0-301F-11D3-BF4B-00C04F79EFBC}") = "Unity.2D.Common.Runtime", "Unity.2D.Common.Runtime.csproj", "{E63AEA4C-26B7-E82C-5640-26E4B033D0BD}"
EndProject
Project("{FAE04EC0-301F-11D3-BF4B-00C04F79EFBC}") = "Unity.InternalAPIEngineBridge.001", "Unity.InternalAPIEngineBridge.001.csproj", "{721F6A08-9198-43A3-59A6-A509557547ED}"
EndProject
Project("{FAE04EC0-301F-11D3-BF4B-00C04F79EFBC}") = "Assembly-CSharp", "Assembly-CSharp.csproj", "{BC1FFCEE-515E-9201-C393-1E2E106B797E}"
EndProject
Project("{FAE04EC0-301F-11D3-BF4B-00C04F79EFBC}") = "UnityEditor.TestRunner", "UnityEditor.TestRunner.csproj", "{930E7672-4AE2-4B65-AE64-6DD7C0C4FD6F}"
EndProject
Project("{FAE04EC0-301F-11D3-BF4B-00C04F79EFBC}") = "Unity.PlasticSCM.Editor", "Unity.PlasticSCM.Editor.csproj", "{B20CFF18-91C7-7151-2154-518C1546AD6E}"
EndProject
Project("{FAE04EC0-301F-11D3-BF4B-00C04F79EFBC}") = "Unity.2D.Animation.Triangle.Editor", "Unity.2D.Animation.Triangle.Editor.csproj", "{2D50B0EA-590E-1E39-E156-16D6B0352B71}"
EndProject
Project("{FAE04EC0-301F-11D3-BF4B-00C04F79EFBC}") = "UnityEditor.UI", "UnityEditor.UI.csproj", "{C340A802-6496-F32B-96E9-A2846215C56E}"
EndProject
Project("{FAE04EC0-301F-11D3-BF4B-00C04F79EFBC}") = "Unity.Services.Core.Editor", "Unity.Services.Core.Editor.csproj", "{9A6E182E-AA53-CE59-A846-50D7C1A85221}"
EndProject
Project("{FAE04EC0-301F-11D3-BF4B-00C04F79EFBC}") = "Unity.Timeline.Editor", "Unity.Timeline.Editor.csproj", "{15850D7A-C5E5-ACD9-90D2-499BFA49FEAF}"
EndProject
Project("{FAE04EC0-301F-11D3-BF4B-00C04F79EFBC}") = "Unity.VisualStudio.Editor", "Unity.VisualStudio.Editor.csproj", "{C1309F62-911F-4270-7F4A-8099D720BFA2}"
EndProject
Project("{FAE04EC0-301F-11D3-BF4B-00C04F79EFBC}") = "Unity.2D.Psdimporter.Editor", "Unity.2D.Psdimporter.Editor.csproj", "{961F6ED1-CE9B-3682-3E91-E3DE26920426}"
EndProject
Project("{FAE04EC0-301F-11D3-BF4B-00C04F79EFBC}") = "Unity.2D.Animation.Editor", "Unity.2D.Animation.Editor.csproj", "{805339D0-2EB8-0ACE-E817-3791E0911EB0}"
EndProject
Project("{FAE04EC0-301F-11D3-BF4B-00C04F79EFBC}") = "Unity.TextMeshPro.Editor", "Unity.TextMeshPro.Editor.csproj", "{CD881C01-BAF2-3F94-DA0C-F0CA0077C2F3}"
EndProject
Project("{FAE04EC0-301F-11D3-BF4B-00C04F79EFBC}") = "Unity.2D.SpriteShape.Editor", "Unity.2D.SpriteShape.Editor.csproj", "{D37218F6-C6FF-FA9B-04F8-BE1BDAAD7840}"
EndProject
Project("{FAE04EC0-301F-11D3-BF4B-00C04F79EFBC}") = "Unity.CollabProxy.Editor", "Unity.CollabProxy.Editor.csproj", "{4BF905F1-6F93-51F6-8C90-8F02F8E526D0}"
EndProject
Project("{FAE04EC0-301F-11D3-BF4B-00C04F79EFBC}") = "PsdPlugin", "PsdPlugin.csproj", "{E8A5001E-B7D0-C871-39E1-7FE4D989D2E4}"
EndProject
Project("{FAE04EC0-301F-11D3-BF4B-00C04F79EFBC}") = "Unity.2D.Path.Editor", "Unity.2D.Path.Editor.csproj", "{37477F2A-BC37-EB03-7B09-D81A1013D2A9}"
EndProject
Project("{FAE04EC0-301F-11D3-BF4B-00C04F79EFBC}") = "Unity.Rider.Editor", "Unity.Rider.Editor.csproj", "{1EF49D26-213D-DBD0-B7F7-805AB4FA2DDA}"
EndProject
Project("{FAE04EC0-301F-11D3-BF4B-00C04F79EFBC}") = "Unity.2D.IK.Editor", "Unity.2D.IK.Editor.csproj", "{A48D1BEB-5690-CD50-BE3D-E79C5CB179DE}"
EndProject
Project("{FAE04EC0-301F-11D3-BF4B-00C04F79EFBC}") = "Unity.2D.Sprite.Editor", "Unity.2D.Sprite.Editor.csproj", "{D3823FED-44B9-58A6-432A-306F20EDA2BE}"
EndProject
Project("{FAE04EC0-301F-11D3-BF4B-00C04F79EFBC}") = "Unity.2D.Tilemap.Editor", "Unity.2D.Tilemap.Editor.csproj", "{8ACF8607-F3BA-9107-213D-9689CC935109}"
EndProject
Project("{FAE04EC0-301F-11D3-BF4B-00C04F79EFBC}") = "Unity.2D.PixelPerfect.Editor", "Unity.2D.PixelPerfect.Editor.csproj", "{D0042A9D-29D5-DE42-0E29-CD5CCAB768FE}"
EndProject
Project("{FAE04EC0-301F-11D3-BF4B-00C04F79EFBC}") = "Unity.VSCode.Editor", "Unity.VSCode.Editor.csproj", "{4B3E222A-D59E-0FD6-40D7-A48A080BAC50}"
EndProject
Project("{FAE04EC0-301F-11D3-BF4B-00C04F79EFBC}") = "Unity.2D.Common.Editor", "Unity.2D.Common.Editor.csproj", "{78A0D703-F152-225D-8F08-21C5C8927D9C}"
EndProject
Project("{FAE04EC0-301F-11D3-BF4B-00C04F79EFBC}") = "Unity.Mathematics.Editor", "Unity.Mathematics.Editor.csproj", "{0B76D193-0ED5-A574-B2B2-D956F8C884B9}"
EndProject
Project("{FAE04EC0-301F-11D3-BF4B-00C04F79EFBC}") = "Unity.InternalAPIEditorBridge.001", "Unity.InternalAPIEditorBridge.001.csproj", "{872A6BDE-C32C-DF2D-1917-455595D2A659}"
EndProject
Project("{FAE04EC0-301F-11D3-BF4B-00C04F79EFBC}") = "UnityEngine.UI", "UnityEngine.UI.Player.csproj", "{02E59510-B5B4-04E1-3154-77D8646BDC55}"
EndProject
Project("{FAE04EC0-301F-11D3-BF4B-00C04F79EFBC}") = "UnityEngine.TestRunner", "UnityEngine.TestRunner.Player.csproj", "{8EC42CB0-15AF-C7D8-3159-20319F150B1A}"
EndProject
Project("{FAE04EC0-301F-11D3-BF4B-00C04F79EFBC}") = "Unity.Mathematics", "Unity.Mathematics.Player.csproj", "{F9E8C127-53F2-04C6-9D2C-20AE9A822C82}"
EndProject
Project("{FAE04EC0-301F-11D3-BF4B-00C04F79EFBC}") = "Unity.Timeline", "Unity.Timeline.Player.csproj", "{BA6041C5-C1B9-2708-55D5-CBEF8DA1E60B}"
EndProject
Project("{FAE04EC0-301F-11D3-BF4B-00C04F79EFBC}") = "Unity.TextMeshPro", "Unity.TextMeshPro.Player.csproj", "{C2CD9011-766B-17D7-AD19-AEE643235646}"
EndProject
Project("{FAE04EC0-301F-11D3-BF4B-00C04F79EFBC}") = "Unity.2D.Animation.Runtime", "Unity.2D.Animation.Runtime.Player.csproj", "{DD8F38AC-45A5-0319-8796-817AF45550EC}"
EndProject
Project("{FAE04EC0-301F-11D3-BF4B-00C04F79EFBC}") = "Unity.2D.IK.Runtime", "Unity.2D.IK.Runtime.Player.csproj", "{E4B78123-2DD6-8276-A823-14F4692ECCC6}"
EndProject
Project("{FAE04EC0-301F-11D3-BF4B-00C04F79EFBC}") = "Unity.2D.SpriteShape.Runtime", "Unity.2D.SpriteShape.Runtime.Player.csproj", "{4DA9F913-6830-5B89-51B4-06672D42E166}"
EndProject
Project("{FAE04EC0-301F-11D3-BF4B-00C04F79EFBC}") = "Unity.2D.PixelPerfect", "Unity.2D.PixelPerfect.Player.csproj", "{6C37750A-94C6-75EA-1768-4109955056D6}"
EndProject
Project("{FAE04EC0-301F-11D3-BF4B-00C04F79EFBC}") = "Unity.2D.Common.Runtime", "Unity.2D.Common.Runtime.Player.csproj", "{487C67F5-1315-1219-66DC-ACA1F6F817BD}"
EndProject
Project("{FAE04EC0-301F-11D3-BF4B-00C04F79EFBC}") = "Unity.InternalAPIEngineBridge.001", "Unity.InternalAPIEngineBridge.001.Player.csproj", "{183BBC04-23C4-FA4C-ADA7-98961DAE16F7}"
EndProject
Project("{FAE04EC0-301F-11D3-BF4B-00C04F79EFBC}") = "Assembly-CSharp", "Assembly-CSharp.Player.csproj", "{59E0C0DB-DD3A-60EB-133D-9EF58919C13A}"
EndProject
Global
	GlobalSection(SolutionConfigurationPlatforms) = preSolution
		Debug|Any CPU = Debug|Any CPU
		Release|Any CPU = Release|Any CPU
	EndGlobalSection
	GlobalSection(ProjectConfigurationPlatforms) = postSolution
		{DCC39C24-60EB-AD44-4601-87C86DD67172}.Debug|Any CPU.ActiveCfg = Debug|Any CPU
		{DCC39C24-60EB-AD44-4601-87C86DD67172}.Debug|Any CPU.Build.0 = Debug|Any CPU
		{DCC39C24-60EB-AD44-4601-87C86DD67172}.Release|Any CPU.ActiveCfg = Release|Any CPU
		{DCC39C24-60EB-AD44-4601-87C86DD67172}.Release|Any CPU.Build.0 = Release|Any CPU
		{1CEC528D-1A78-0784-36C1-F9F6B2261E67}.Debug|Any CPU.ActiveCfg = Debug|Any CPU
		{1CEC528D-1A78-0784-36C1-F9F6B2261E67}.Debug|Any CPU.Build.0 = Debug|Any CPU
		{1CEC528D-1A78-0784-36C1-F9F6B2261E67}.Release|Any CPU.ActiveCfg = Release|Any CPU
		{1CEC528D-1A78-0784-36C1-F9F6B2261E67}.Release|Any CPU.Build.0 = Release|Any CPU
		{B86A2633-7905-C6AA-9E6D-11FB8586009A}.Debug|Any CPU.ActiveCfg = Debug|Any CPU
		{B86A2633-7905-C6AA-9E6D-11FB8586009A}.Debug|Any CPU.Build.0 = Debug|Any CPU
		{B86A2633-7905-C6AA-9E6D-11FB8586009A}.Release|Any CPU.ActiveCfg = Release|Any CPU
		{B86A2633-7905-C6AA-9E6D-11FB8586009A}.Release|Any CPU.Build.0 = Release|Any CPU
		{4E9BB430-D0B0-469D-FFEC-1EBE1902E822}.Debug|Any CPU.ActiveCfg = Debug|Any CPU
		{4E9BB430-D0B0-469D-FFEC-1EBE1902E822}.Debug|Any CPU.Build.0 = Debug|Any CPU
		{4E9BB430-D0B0-469D-FFEC-1EBE1902E822}.Release|Any CPU.ActiveCfg = Release|Any CPU
		{4E9BB430-D0B0-469D-FFEC-1EBE1902E822}.Release|Any CPU.Build.0 = Release|Any CPU
		{9CB5E86A-1828-C0D7-82F1-B0F3B87D04F7}.Debug|Any CPU.ActiveCfg = Debug|Any CPU
		{9CB5E86A-1828-C0D7-82F1-B0F3B87D04F7}.Debug|Any CPU.Build.0 = Debug|Any CPU
		{9CB5E86A-1828-C0D7-82F1-B0F3B87D04F7}.Release|Any CPU.ActiveCfg = Release|Any CPU
		{9CB5E86A-1828-C0D7-82F1-B0F3B87D04F7}.Release|Any CPU.Build.0 = Release|Any CPU
		{19C5F0F0-821D-C3AE-B3BC-A9D937C48B33}.Debug|Any CPU.ActiveCfg = Debug|Any CPU
		{19C5F0F0-821D-C3AE-B3BC-A9D937C48B33}.Debug|Any CPU.Build.0 = Debug|Any CPU
		{19C5F0F0-821D-C3AE-B3BC-A9D937C48B33}.Release|Any CPU.ActiveCfg = Release|Any CPU
		{19C5F0F0-821D-C3AE-B3BC-A9D937C48B33}.Release|Any CPU.Build.0 = Release|Any CPU
		{E5D5EBE1-0559-7657-9E5E-C72CD652979C}.Debug|Any CPU.ActiveCfg = Debug|Any CPU
		{E5D5EBE1-0559-7657-9E5E-C72CD652979C}.Debug|Any CPU.Build.0 = Debug|Any CPU
		{E5D5EBE1-0559-7657-9E5E-C72CD652979C}.Release|Any CPU.ActiveCfg = Release|Any CPU
		{E5D5EBE1-0559-7657-9E5E-C72CD652979C}.Release|Any CPU.Build.0 = Release|Any CPU
		{E58507D0-A75B-C447-F5C5-FCC87FA18DE9}.Debug|Any CPU.ActiveCfg = Debug|Any CPU
		{E58507D0-A75B-C447-F5C5-FCC87FA18DE9}.Debug|Any CPU.Build.0 = Debug|Any CPU
		{E58507D0-A75B-C447-F5C5-FCC87FA18DE9}.Release|Any CPU.ActiveCfg = Release|Any CPU
		{E58507D0-A75B-C447-F5C5-FCC87FA18DE9}.Release|Any CPU.Build.0 = Release|Any CPU
		{EA89A7D4-16B0-B0AD-D7D6-D71561808867}.Debug|Any CPU.ActiveCfg = Debug|Any CPU
		{EA89A7D4-16B0-B0AD-D7D6-D71561808867}.Debug|Any CPU.Build.0 = Debug|Any CPU
		{EA89A7D4-16B0-B0AD-D7D6-D71561808867}.Release|Any CPU.ActiveCfg = Release|Any CPU
		{EA89A7D4-16B0-B0AD-D7D6-D71561808867}.Release|Any CPU.Build.0 = Release|Any CPU
		{E63AEA4C-26B7-E82C-5640-26E4B033D0BD}.Debug|Any CPU.ActiveCfg = Debug|Any CPU
		{E63AEA4C-26B7-E82C-5640-26E4B033D0BD}.Debug|Any CPU.Build.0 = Debug|Any CPU
		{E63AEA4C-26B7-E82C-5640-26E4B033D0BD}.Release|Any CPU.ActiveCfg = Release|Any CPU
		{E63AEA4C-26B7-E82C-5640-26E4B033D0BD}.Release|Any CPU.Build.0 = Release|Any CPU
		{721F6A08-9198-43A3-59A6-A509557547ED}.Debug|Any CPU.ActiveCfg = Debug|Any CPU
		{721F6A08-9198-43A3-59A6-A509557547ED}.Debug|Any CPU.Build.0 = Debug|Any CPU
		{721F6A08-9198-43A3-59A6-A509557547ED}.Release|Any CPU.ActiveCfg = Release|Any CPU
		{721F6A08-9198-43A3-59A6-A509557547ED}.Release|Any CPU.Build.0 = Release|Any CPU
		{BC1FFCEE-515E-9201-C393-1E2E106B797E}.Debug|Any CPU.ActiveCfg = Debug|Any CPU
		{BC1FFCEE-515E-9201-C393-1E2E106B797E}.Debug|Any CPU.Build.0 = Debug|Any CPU
		{BC1FFCEE-515E-9201-C393-1E2E106B797E}.Release|Any CPU.ActiveCfg = Release|Any CPU
		{BC1FFCEE-515E-9201-C393-1E2E106B797E}.Release|Any CPU.Build.0 = Release|Any CPU
		{930E7672-4AE2-4B65-AE64-6DD7C0C4FD6F}.Debug|Any CPU.ActiveCfg = Debug|Any CPU
		{930E7672-4AE2-4B65-AE64-6DD7C0C4FD6F}.Debug|Any CPU.Build.0 = Debug|Any CPU
		{930E7672-4AE2-4B65-AE64-6DD7C0C4FD6F}.Release|Any CPU.ActiveCfg = Release|Any CPU
		{930E7672-4AE2-4B65-AE64-6DD7C0C4FD6F}.Release|Any CPU.Build.0 = Release|Any CPU
		{B20CFF18-91C7-7151-2154-518C1546AD6E}.Debug|Any CPU.ActiveCfg = Debug|Any CPU
		{B20CFF18-91C7-7151-2154-518C1546AD6E}.Debug|Any CPU.Build.0 = Debug|Any CPU
		{B20CFF18-91C7-7151-2154-518C1546AD6E}.Release|Any CPU.ActiveCfg = Release|Any CPU
		{B20CFF18-91C7-7151-2154-518C1546AD6E}.Release|Any CPU.Build.0 = Release|Any CPU
		{2D50B0EA-590E-1E39-E156-16D6B0352B71}.Debug|Any CPU.ActiveCfg = Debug|Any CPU
		{2D50B0EA-590E-1E39-E156-16D6B0352B71}.Debug|Any CPU.Build.0 = Debug|Any CPU
		{2D50B0EA-590E-1E39-E156-16D6B0352B71}.Release|Any CPU.ActiveCfg = Release|Any CPU
		{2D50B0EA-590E-1E39-E156-16D6B0352B71}.Release|Any CPU.Build.0 = Release|Any CPU
		{C340A802-6496-F32B-96E9-A2846215C56E}.Debug|Any CPU.ActiveCfg = Debug|Any CPU
		{C340A802-6496-F32B-96E9-A2846215C56E}.Debug|Any CPU.Build.0 = Debug|Any CPU
		{C340A802-6496-F32B-96E9-A2846215C56E}.Release|Any CPU.ActiveCfg = Release|Any CPU
		{C340A802-6496-F32B-96E9-A2846215C56E}.Release|Any CPU.Build.0 = Release|Any CPU
		{9A6E182E-AA53-CE59-A846-50D7C1A85221}.Debug|Any CPU.ActiveCfg = Debug|Any CPU
		{9A6E182E-AA53-CE59-A846-50D7C1A85221}.Debug|Any CPU.Build.0 = Debug|Any CPU
		{9A6E182E-AA53-CE59-A846-50D7C1A85221}.Release|Any CPU.ActiveCfg = Release|Any CPU
		{9A6E182E-AA53-CE59-A846-50D7C1A85221}.Release|Any CPU.Build.0 = Release|Any CPU
		{15850D7A-C5E5-ACD9-90D2-499BFA49FEAF}.Debug|Any CPU.ActiveCfg = Debug|Any CPU
		{15850D7A-C5E5-ACD9-90D2-499BFA49FEAF}.Debug|Any CPU.Build.0 = Debug|Any CPU
		{15850D7A-C5E5-ACD9-90D2-499BFA49FEAF}.Release|Any CPU.ActiveCfg = Release|Any CPU
		{15850D7A-C5E5-ACD9-90D2-499BFA49FEAF}.Release|Any CPU.Build.0 = Release|Any CPU
		{C1309F62-911F-4270-7F4A-8099D720BFA2}.Debug|Any CPU.ActiveCfg = Debug|Any CPU
		{C1309F62-911F-4270-7F4A-8099D720BFA2}.Debug|Any CPU.Build.0 = Debug|Any CPU
		{C1309F62-911F-4270-7F4A-8099D720BFA2}.Release|Any CPU.ActiveCfg = Release|Any CPU
		{C1309F62-911F-4270-7F4A-8099D720BFA2}.Release|Any CPU.Build.0 = Release|Any CPU
		{961F6ED1-CE9B-3682-3E91-E3DE26920426}.Debug|Any CPU.ActiveCfg = Debug|Any CPU
		{961F6ED1-CE9B-3682-3E91-E3DE26920426}.Debug|Any CPU.Build.0 = Debug|Any CPU
		{961F6ED1-CE9B-3682-3E91-E3DE26920426}.Release|Any CPU.ActiveCfg = Release|Any CPU
		{961F6ED1-CE9B-3682-3E91-E3DE26920426}.Release|Any CPU.Build.0 = Release|Any CPU
		{805339D0-2EB8-0ACE-E817-3791E0911EB0}.Debug|Any CPU.ActiveCfg = Debug|Any CPU
		{805339D0-2EB8-0ACE-E817-3791E0911EB0}.Debug|Any CPU.Build.0 = Debug|Any CPU
		{805339D0-2EB8-0ACE-E817-3791E0911EB0}.Release|Any CPU.ActiveCfg = Release|Any CPU
		{805339D0-2EB8-0ACE-E817-3791E0911EB0}.Release|Any CPU.Build.0 = Release|Any CPU
		{CD881C01-BAF2-3F94-DA0C-F0CA0077C2F3}.Debug|Any CPU.ActiveCfg = Debug|Any CPU
		{CD881C01-BAF2-3F94-DA0C-F0CA0077C2F3}.Debug|Any CPU.Build.0 = Debug|Any CPU
		{CD881C01-BAF2-3F94-DA0C-F0CA0077C2F3}.Release|Any CPU.ActiveCfg = Release|Any CPU
		{CD881C01-BAF2-3F94-DA0C-F0CA0077C2F3}.Release|Any CPU.Build.0 = Release|Any CPU
		{D37218F6-C6FF-FA9B-04F8-BE1BDAAD7840}.Debug|Any CPU.ActiveCfg = Debug|Any CPU
		{D37218F6-C6FF-FA9B-04F8-BE1BDAAD7840}.Debug|Any CPU.Build.0 = Debug|Any CPU
		{D37218F6-C6FF-FA9B-04F8-BE1BDAAD7840}.Release|Any CPU.ActiveCfg = Release|Any CPU
		{D37218F6-C6FF-FA9B-04F8-BE1BDAAD7840}.Release|Any CPU.Build.0 = Release|Any CPU
		{4BF905F1-6F93-51F6-8C90-8F02F8E526D0}.Debug|Any CPU.ActiveCfg = Debug|Any CPU
		{4BF905F1-6F93-51F6-8C90-8F02F8E526D0}.Debug|Any CPU.Build.0 = Debug|Any CPU
		{4BF905F1-6F93-51F6-8C90-8F02F8E526D0}.Release|Any CPU.ActiveCfg = Release|Any CPU
		{4BF905F1-6F93-51F6-8C90-8F02F8E526D0}.Release|Any CPU.Build.0 = Release|Any CPU
		{E8A5001E-B7D0-C871-39E1-7FE4D989D2E4}.Debug|Any CPU.ActiveCfg = Debug|Any CPU
		{E8A5001E-B7D0-C871-39E1-7FE4D989D2E4}.Debug|Any CPU.Build.0 = Debug|Any CPU
		{E8A5001E-B7D0-C871-39E1-7FE4D989D2E4}.Release|Any CPU.ActiveCfg = Release|Any CPU
		{E8A5001E-B7D0-C871-39E1-7FE4D989D2E4}.Release|Any CPU.Build.0 = Release|Any CPU
		{37477F2A-BC37-EB03-7B09-D81A1013D2A9}.Debug|Any CPU.ActiveCfg = Debug|Any CPU
		{37477F2A-BC37-EB03-7B09-D81A1013D2A9}.Debug|Any CPU.Build.0 = Debug|Any CPU
		{37477F2A-BC37-EB03-7B09-D81A1013D2A9}.Release|Any CPU.ActiveCfg = Release|Any CPU
		{37477F2A-BC37-EB03-7B09-D81A1013D2A9}.Release|Any CPU.Build.0 = Release|Any CPU
		{1EF49D26-213D-DBD0-B7F7-805AB4FA2DDA}.Debug|Any CPU.ActiveCfg = Debug|Any CPU
		{1EF49D26-213D-DBD0-B7F7-805AB4FA2DDA}.Debug|Any CPU.Build.0 = Debug|Any CPU
		{1EF49D26-213D-DBD0-B7F7-805AB4FA2DDA}.Release|Any CPU.ActiveCfg = Release|Any CPU
		{1EF49D26-213D-DBD0-B7F7-805AB4FA2DDA}.Release|Any CPU.Build.0 = Release|Any CPU
		{A48D1BEB-5690-CD50-BE3D-E79C5CB179DE}.Debug|Any CPU.ActiveCfg = Debug|Any CPU
		{A48D1BEB-5690-CD50-BE3D-E79C5CB179DE}.Debug|Any CPU.Build.0 = Debug|Any CPU
		{A48D1BEB-5690-CD50-BE3D-E79C5CB179DE}.Release|Any CPU.ActiveCfg = Release|Any CPU
		{A48D1BEB-5690-CD50-BE3D-E79C5CB179DE}.Release|Any CPU.Build.0 = Release|Any CPU
		{D3823FED-44B9-58A6-432A-306F20EDA2BE}.Debug|Any CPU.ActiveCfg = Debug|Any CPU
		{D3823FED-44B9-58A6-432A-306F20EDA2BE}.Debug|Any CPU.Build.0 = Debug|Any CPU
		{D3823FED-44B9-58A6-432A-306F20EDA2BE}.Release|Any CPU.ActiveCfg = Release|Any CPU
		{D3823FED-44B9-58A6-432A-306F20EDA2BE}.Release|Any CPU.Build.0 = Release|Any CPU
		{8ACF8607-F3BA-9107-213D-9689CC935109}.Debug|Any CPU.ActiveCfg = Debug|Any CPU
		{8ACF8607-F3BA-9107-213D-9689CC935109}.Debug|Any CPU.Build.0 = Debug|Any CPU
		{8ACF8607-F3BA-9107-213D-9689CC935109}.Release|Any CPU.ActiveCfg = Release|Any CPU
		{8ACF8607-F3BA-9107-213D-9689CC935109}.Release|Any CPU.Build.0 = Release|Any CPU
		{D0042A9D-29D5-DE42-0E29-CD5CCAB768FE}.Debug|Any CPU.ActiveCfg = Debug|Any CPU
		{D0042A9D-29D5-DE42-0E29-CD5CCAB768FE}.Debug|Any CPU.Build.0 = Debug|Any CPU
		{D0042A9D-29D5-DE42-0E29-CD5CCAB768FE}.Release|Any CPU.ActiveCfg = Release|Any CPU
		{D0042A9D-29D5-DE42-0E29-CD5CCAB768FE}.Release|Any CPU.Build.0 = Release|Any CPU
		{4B3E222A-D59E-0FD6-40D7-A48A080BAC50}.Debug|Any CPU.ActiveCfg = Debug|Any CPU
		{4B3E222A-D59E-0FD6-40D7-A48A080BAC50}.Debug|Any CPU.Build.0 = Debug|Any CPU
		{4B3E222A-D59E-0FD6-40D7-A48A080BAC50}.Release|Any CPU.ActiveCfg = Release|Any CPU
		{4B3E222A-D59E-0FD6-40D7-A48A080BAC50}.Release|Any CPU.Build.0 = Release|Any CPU
		{78A0D703-F152-225D-8F08-21C5C8927D9C}.Debug|Any CPU.ActiveCfg = Debug|Any CPU
		{78A0D703-F152-225D-8F08-21C5C8927D9C}.Debug|Any CPU.Build.0 = Debug|Any CPU
		{78A0D703-F152-225D-8F08-21C5C8927D9C}.Release|Any CPU.ActiveCfg = Release|Any CPU
		{78A0D703-F152-225D-8F08-21C5C8927D9C}.Release|Any CPU.Build.0 = Release|Any CPU
		{0B76D193-0ED5-A574-B2B2-D956F8C884B9}.Debug|Any CPU.ActiveCfg = Debug|Any CPU
		{0B76D193-0ED5-A574-B2B2-D956F8C884B9}.Debug|Any CPU.Build.0 = Debug|Any CPU
		{0B76D193-0ED5-A574-B2B2-D956F8C884B9}.Release|Any CPU.ActiveCfg = Release|Any CPU
		{0B76D193-0ED5-A574-B2B2-D956F8C884B9}.Release|Any CPU.Build.0 = Release|Any CPU
		{872A6BDE-C32C-DF2D-1917-455595D2A659}.Debug|Any CPU.ActiveCfg = Debug|Any CPU
		{872A6BDE-C32C-DF2D-1917-455595D2A659}.Debug|Any CPU.Build.0 = Debug|Any CPU
		{872A6BDE-C32C-DF2D-1917-455595D2A659}.Release|Any CPU.ActiveCfg = Release|Any CPU
		{872A6BDE-C32C-DF2D-1917-455595D2A659}.Release|Any CPU.Build.0 = Release|Any CPU
		{02E59510-B5B4-04E1-3154-77D8646BDC55}.Debug|Any CPU.ActiveCfg = Debug|Any CPU
		{02E59510-B5B4-04E1-3154-77D8646BDC55}.Debug|Any CPU.Build.0 = Debug|Any CPU
		{02E59510-B5B4-04E1-3154-77D8646BDC55}.Release|Any CPU.ActiveCfg = Release|Any CPU
		{02E59510-B5B4-04E1-3154-77D8646BDC55}.Release|Any CPU.Build.0 = Release|Any CPU
		{8EC42CB0-15AF-C7D8-3159-20319F150B1A}.Debug|Any CPU.ActiveCfg = Debug|Any CPU
		{8EC42CB0-15AF-C7D8-3159-20319F150B1A}.Debug|Any CPU.Build.0 = Debug|Any CPU
		{8EC42CB0-15AF-C7D8-3159-20319F150B1A}.Release|Any CPU.ActiveCfg = Release|Any CPU
		{8EC42CB0-15AF-C7D8-3159-20319F150B1A}.Release|Any CPU.Build.0 = Release|Any CPU
		{F9E8C127-53F2-04C6-9D2C-20AE9A822C82}.Debug|Any CPU.ActiveCfg = Debug|Any CPU
		{F9E8C127-53F2-04C6-9D2C-20AE9A822C82}.Debug|Any CPU.Build.0 = Debug|Any CPU
		{F9E8C127-53F2-04C6-9D2C-20AE9A822C82}.Release|Any CPU.ActiveCfg = Release|Any CPU
		{F9E8C127-53F2-04C6-9D2C-20AE9A822C82}.Release|Any CPU.Build.0 = Release|Any CPU
		{BA6041C5-C1B9-2708-55D5-CBEF8DA1E60B}.Debug|Any CPU.ActiveCfg = Debug|Any CPU
		{BA6041C5-C1B9-2708-55D5-CBEF8DA1E60B}.Debug|Any CPU.Build.0 = Debug|Any CPU
		{BA6041C5-C1B9-2708-55D5-CBEF8DA1E60B}.Release|Any CPU.ActiveCfg = Release|Any CPU
		{BA6041C5-C1B9-2708-55D5-CBEF8DA1E60B}.Release|Any CPU.Build.0 = Release|Any CPU
		{C2CD9011-766B-17D7-AD19-AEE643235646}.Debug|Any CPU.ActiveCfg = Debug|Any CPU
		{C2CD9011-766B-17D7-AD19-AEE643235646}.Debug|Any CPU.Build.0 = Debug|Any CPU
		{C2CD9011-766B-17D7-AD19-AEE643235646}.Release|Any CPU.ActiveCfg = Release|Any CPU
		{C2CD9011-766B-17D7-AD19-AEE643235646}.Release|Any CPU.Build.0 = Release|Any CPU
		{DD8F38AC-45A5-0319-8796-817AF45550EC}.Debug|Any CPU.ActiveCfg = Debug|Any CPU
		{DD8F38AC-45A5-0319-8796-817AF45550EC}.Debug|Any CPU.Build.0 = Debug|Any CPU
		{DD8F38AC-45A5-0319-8796-817AF45550EC}.Release|Any CPU.ActiveCfg = Release|Any CPU
		{DD8F38AC-45A5-0319-8796-817AF45550EC}.Release|Any CPU.Build.0 = Release|Any CPU
		{E4B78123-2DD6-8276-A823-14F4692ECCC6}.Debug|Any CPU.ActiveCfg = Debug|Any CPU
		{E4B78123-2DD6-8276-A823-14F4692ECCC6}.Debug|Any CPU.Build.0 = Debug|Any CPU
		{E4B78123-2DD6-8276-A823-14F4692ECCC6}.Release|Any CPU.ActiveCfg = Release|Any CPU
		{E4B78123-2DD6-8276-A823-14F4692ECCC6}.Release|Any CPU.Build.0 = Release|Any CPU
		{4DA9F913-6830-5B89-51B4-06672D42E166}.Debug|Any CPU.ActiveCfg = Debug|Any CPU
		{4DA9F913-6830-5B89-51B4-06672D42E166}.Debug|Any CPU.Build.0 = Debug|Any CPU
		{4DA9F913-6830-5B89-51B4-06672D42E166}.Release|Any CPU.ActiveCfg = Release|Any CPU
		{4DA9F913-6830-5B89-51B4-06672D42E166}.Release|Any CPU.Build.0 = Release|Any CPU
		{6C37750A-94C6-75EA-1768-4109955056D6}.Debug|Any CPU.ActiveCfg = Debug|Any CPU
		{6C37750A-94C6-75EA-1768-4109955056D6}.Debug|Any CPU.Build.0 = Debug|Any CPU
		{6C37750A-94C6-75EA-1768-4109955056D6}.Release|Any CPU.ActiveCfg = Release|Any CPU
		{6C37750A-94C6-75EA-1768-4109955056D6}.Release|Any CPU.Build.0 = Release|Any CPU
		{487C67F5-1315-1219-66DC-ACA1F6F817BD}.Debug|Any CPU.ActiveCfg = Debug|Any CPU
		{487C67F5-1315-1219-66DC-ACA1F6F817BD}.Debug|Any CPU.Build.0 = Debug|Any CPU
		{487C67F5-1315-1219-66DC-ACA1F6F817BD}.Release|Any CPU.ActiveCfg = Release|Any CPU
		{487C67F5-1315-1219-66DC-ACA1F6F817BD}.Release|Any CPU.Build.0 = Release|Any CPU
		{183BBC04-23C4-FA4C-ADA7-98961DAE16F7}.Debug|Any CPU.ActiveCfg = Debug|Any CPU
		{183BBC04-23C4-FA4C-ADA7-98961DAE16F7}.Debug|Any CPU.Build.0 = Debug|Any CPU
		{183BBC04-23C4-FA4C-ADA7-98961DAE16F7}.Release|Any CPU.ActiveCfg = Release|Any CPU
		{183BBC04-23C4-FA4C-ADA7-98961DAE16F7}.Release|Any CPU.Build.0 = Release|Any CPU
		{59E0C0DB-DD3A-60EB-133D-9EF58919C13A}.Debug|Any CPU.ActiveCfg = Debug|Any CPU
		{59E0C0DB-DD3A-60EB-133D-9EF58919C13A}.Debug|Any CPU.Build.0 = Debug|Any CPU
		{59E0C0DB-DD3A-60EB-133D-9EF58919C13A}.Release|Any CPU.ActiveCfg = Release|Any CPU
		{59E0C0DB-DD3A-60EB-133D-9EF58919C13A}.Release|Any CPU.Build.0 = Release|Any CPU
	EndGlobalSection
	GlobalSection(SolutionProperties) = preSolution
		HideSolutionNode = FALSE
	EndGlobalSection
EndGlobal
